
Microsoft Visual Studio Solution File, Format Version 12.00
# Visual Studio Version 17
VisualStudioVersion = 17.14.36408.4
MinimumVisualStudioVersion = 10.0.40219.1
Project("{FAE04EC0-301F-11D3-BF4B-00C04F79EFBC}") = "ConsoleHadani", "ConsoleHadani\ConsoleHadani.csproj", "{8021B7C5-2C0A-4574-993C-C92D12EEFB5A}"
EndProject
Project("{FAE04EC0-301F-11D3-BF4B-00C04F79EFBC}") = "TextUserInterface", "TextUserInterface\TextUserInterface.csproj", "{B0D761F1-EB82-4BCC-97CC-2D6FCF3A933D}"
EndProject
Global
	GlobalSection(SolutionConfigurationPlatforms) = preSolution
		Debug|Any CPU = Debug|Any CPU
		Release|Any CPU = Release|Any CPU
	EndGlobalSection
	GlobalSection(ProjectConfigurationPlatforms) = postSolution
		{8021B7C5-2C0A-4574-993C-C92D12EEFB5A}.Debug|Any CPU.ActiveCfg = Debug|Any CPU
		{8021B7C5-2C0A-4574-993C-C92D12EEFB5A}.Debug|Any CPU.Build.0 = Debug|Any CPU
		{8021B7C5-2C0A-4574-993C-C92D12EEFB5A}.Release|Any CPU.ActiveCfg = Release|Any CPU
		{8021B7C5-2C0A-4574-993C-C92D12EEFB5A}.Release|Any CPU.Build.0 = Release|Any CPU
		{B0D761F1-EB82-4BCC-97CC-2D6FCF3A933D}.Debug|Any CPU.ActiveCfg = Debug|Any CPU
		{B0D761F1-EB82-4BCC-97CC-2D6FCF3A933D}.Debug|Any CPU.Build.0 = Debug|Any CPU
		{B0D761F1-EB82-4BCC-97CC-2D6FCF3A933D}.Release|Any CPU.ActiveCfg = Release|Any CPU
		{B0D761F1-EB82-4BCC-97CC-2D6FCF3A933D}.Release|Any CPU.Build.0 = Release|Any CPU
	EndGlobalSection
	GlobalSection(SolutionProperties) = preSolution
		HideSolutionNode = FALSE
	EndGlobalSection
	GlobalSection(ExtensibilityGlobals) = postSolution
		SolutionGuid = {A87C2996-5707-45B1-86CB-743941D29474}
	EndGlobalSection
EndGlobal
